<Solution>
  <Folder Name="/Core/">
    <Project Path="eVote360Pro.Core.Application/eVote360Pro.Core.Application.csproj" />
    <Project Path="eVote360Pro.Core.Domain/eVote360Pro.Core.Domain.csproj" />
  </Folder>
  <Folder Name="/Infrastructure/">
    <Project Path="eVote360Pro.Infrastructure.Persistence/eVote360Pro.Infrastructure.Persistence.csproj" />
  </Folder>
  <Folder Name="/Presentation/">
    <Project Path="eVote360Pro.App/eVote360Pro.App.csproj" />
  </Folder>
</Solution>
